{
  "object": {
    "pins": [
      {
        "package": "FlexLayout",
        "repositoryURL": "https://github.com/layoutBox/FlexLayout.git",
        "state": {
          "branch": "master",
          "revision": "1e9602097ec2f82a33ecfb73ccd096dc7774edfe",
          "version": null
        }
      },
      {
        "package": "PinLayout",
        "repositoryURL": "https://github.com/layoutBox/PinLayout",
        "state": {
          "branch": "master",
          "revision": "e02435e1076aaabf6ffc7f2da89150bac575598b",
          "version": null
        }
      }
    ]
  },
  "version": 1
}
