// !$*UTF8*$!
{
	archiveVersion = 1;
	classes = {
	};
	objectVersion = 52;
	objects = {

/* Begin PBXBuildFile section */
		547EDB57269839B900AA7A5E /* Moya in Frameworks */ = {isa = PBXBuildFile; productRef = 547EDB56269839B900AA7A5E /* Moya */; };
		547EDB5A269839F700AA7A5E /* SnapKit in Frameworks */ = {isa = PBXBuildFile; productRef = 547EDB59269839F700AA7A5E /* SnapKit */; };
		547EDB5D26983A1B00AA7A5E /* Then in Frameworks */ = {isa = PBXBuildFile; productRef = 547EDB5C26983A1B00AA7A5E /* Then */; };
		548C2F092697669D0092EB51 /* ReusableView.swift in Sources */ = {isa = PBXBuildFile; fileRef = 548C2F082697669D0092EB51 /* ReusableView.swift */; };
		548C2F0C269768360092EB51 /* Kingfisher in Frameworks */ = {isa = PBXBuildFile; productRef = 548C2F0B269768360092EB51 /* Kingfisher */; };
		54E3651A267778B8001B9C72 /* AppDelegate.swift in Sources */ = {isa = PBXBuildFile; fileRef = 54E36519267778B8001B9C72 /* AppDelegate.swift */; };
		54E3651C267778B8001B9C72 /* SceneDelegate.swift in Sources */ = {isa = PBXBuildFile; fileRef = 54E3651B267778B8001B9C72 /* SceneDelegate.swift */; };
		54E3651E267778B8001B9C72 /* ViewController.swift in Sources */ = {isa = PBXBuildFile; fileRef = 54E3651D267778B8001B9C72 /* ViewController.swift */; };
		54E36521267778B8001B9C72 /* Main.storyboard in Resources */ = {isa = PBXBuildFile; fileRef = 54E3651F267778B8001B9C72 /* Main.storyboard */; };
		54E36523267778BB001B9C72 /* Assets.xcassets in Resources */ = {isa = PBXBuildFile; fileRef = 54E36522267778BB001B9C72 /* Assets.xcassets */; };
		54E36526267778BB001B9C72 /* LaunchScreen.storyboard in Resources */ = {isa = PBXBuildFile; fileRef = 54E36524267778BB001B9C72 /* LaunchScreen.storyboard */; };
		54E3653726777A20001B9C72 /* UIImage+Extension.swift in Sources */ = {isa = PBXBuildFile; fileRef = 54E3653626777A20001B9C72 /* UIImage+Extension.swift */; };
		54E3653B26777A99001B9C72 /* UITableView+Extension.swift in Sources */ = {isa = PBXBuildFile; fileRef = 54E3653A26777A99001B9C72 /* UITableView+Extension.swift */; };
		54E3653D26777AAE001B9C72 /* UICollectionView+Extension.swift in Sources */ = {isa = PBXBuildFile; fileRef = 54E3653C26777AAE001B9C72 /* UICollectionView+Extension.swift */; };
		54E3653F26777CDE001B9C72 /* PublicFunc.swift in Sources */ = {isa = PBXBuildFile; fileRef = 54E3653E26777CDE001B9C72 /* PublicFunc.swift */; };
		54E3654126777D49001B9C72 /* UIViewController+Extension.swift in Sources */ = {isa = PBXBuildFile; fileRef = 54E3654026777D49001B9C72 /* UIViewController+Extension.swift */; };
		54E3654326777E39001B9C72 /* UIColor+Extension.swift in Sources */ = {isa = PBXBuildFile; fileRef = 54E3654226777E39001B9C72 /* UIColor+Extension.swift */; };
		54E3654526777E5E001B9C72 /* UIView+Extension.swift in Sources */ = {isa = PBXBuildFile; fileRef = 54E3654426777E5E001B9C72 /* UIView+Extension.swift */; };
		54E3654726777EA1001B9C72 /* LetterSpacing+Extension.swift in Sources */ = {isa = PBXBuildFile; fileRef = 54E3654626777EA1001B9C72 /* LetterSpacing+Extension.swift */; };
		54E3654926777EE7001B9C72 /* UIFont+Extension.swift in Sources */ = {isa = PBXBuildFile; fileRef = 54E3654826777EE7001B9C72 /* UIFont+Extension.swift */; };
		54E3654B26777EFD001B9C72 /* UIDevice+Extension.swift in Sources */ = {isa = PBXBuildFile; fileRef = 54E3654A26777EFD001B9C72 /* UIDevice+Extension.swift */; };
		54E3654D26777F0D001B9C72 /* UITextField+Extension.swift in Sources */ = {isa = PBXBuildFile; fileRef = 54E3654C26777F0D001B9C72 /* UITextField+Extension.swift */; };
		54E3654F2677822B001B9C72 /* APIService.swift in Sources */ = {isa = PBXBuildFile; fileRef = 54E3654E2677822B001B9C72 /* APIService.swift */; };
		54E3655126778242001B9C72 /* APITarget.swift in Sources */ = {isa = PBXBuildFile; fileRef = 54E3655026778242001B9C72 /* APITarget.swift */; };
		54E3655326778255001B9C72 /* NetworkResult.swift in Sources */ = {isa = PBXBuildFile; fileRef = 54E3655226778255001B9C72 /* NetworkResult.swift */; };
		54E3655526778263001B9C72 /* GenericResponse.swift in Sources */ = {isa = PBXBuildFile; fileRef = 54E3655426778263001B9C72 /* GenericResponse.swift */; };
		54E365572677829B001B9C72 /* PlainData.swift in Sources */ = {isa = PBXBuildFile; fileRef = 54E365562677829B001B9C72 /* PlainData.swift */; };
		54E36559267782F5001B9C72 /* TestData.swift in Sources */ = {isa = PBXBuildFile; fileRef = 54E36558267782F5001B9C72 /* TestData.swift */; };
/* End PBXBuildFile section */

/* Begin PBXFileReference section */
		548C2F082697669D0092EB51 /* ReusableView.swift */ = {isa = PBXFileReference; lastKnownFileType = sourcecode.swift; path = ReusableView.swift; sourceTree = "<group>"; };
		54E36516267778B8001B9C72 /* CommonlyUsedStorage.app */ = {isa = PBXFileReference; explicitFileType = wrapper.application; includeInIndex = 0; path = CommonlyUsedStorage.app; sourceTree = BUILT_PRODUCTS_DIR; };
		54E36519267778B8001B9C72 /* AppDelegate.swift */ = {isa = PBXFileReference; lastKnownFileType = sourcecode.swift; path = AppDelegate.swift; sourceTree = "<group>"; };
		54E3651B267778B8001B9C72 /* SceneDelegate.swift */ = {isa = PBXFileReference; lastKnownFileType = sourcecode.swift; path = SceneDelegate.swift; sourceTree = "<group>"; };
		54E3651D267778B8001B9C72 /* ViewController.swift */ = {isa = PBXFileReference; lastKnownFileType = sourcecode.swift; path = ViewController.swift; sourceTree = "<group>"; };
		54E36520267778B8001B9C72 /* Base */ = {isa = PBXFileReference; lastKnownFileType = file.storyboard; name = Base; path = Base.lproj/Main.storyboard; sourceTree = "<group>"; };
		54E36522267778BB001B9C72 /* Assets.xcassets */ = {isa = PBXFileReference; lastKnownFileType = folder.assetcatalog; path = Assets.xcassets; sourceTree = "<group>"; };
		54E36525267778BB001B9C72 /* Base */ = {isa = PBXFileReference; lastKnownFileType = file.storyboard; name = Base; path = Base.lproj/LaunchScreen.storyboard; sourceTree = "<group>"; };
		54E36527267778BB001B9C72 /* Info.plist */ = {isa = PBXFileReference; lastKnownFileType = text.plist.xml; path = Info.plist; sourceTree = "<group>"; };
		54E3653626777A20001B9C72 /* UIImage+Extension.swift */ = {isa = PBXFileReference; lastKnownFileType = sourcecode.swift; path = "UIImage+Extension.swift"; sourceTree = "<group>"; };
		54E3653A26777A99001B9C72 /* UITableView+Extension.swift */ = {isa = PBXFileReference; lastKnownFileType = sourcecode.swift; path = "UITableView+Extension.swift"; sourceTree = "<group>"; };
		54E3653C26777AAE001B9C72 /* UICollectionView+Extension.swift */ = {isa = PBXFileReference; lastKnownFileType = sourcecode.swift; path = "UICollectionView+Extension.swift"; sourceTree = "<group>"; };
		54E3653E26777CDE001B9C72 /* PublicFunc.swift */ = {isa = PBXFileReference; lastKnownFileType = sourcecode.swift; path = PublicFunc.swift; sourceTree = "<group>"; };
		54E3654026777D49001B9C72 /* UIViewController+Extension.swift */ = {isa = PBXFileReference; lastKnownFileType = sourcecode.swift; path = "UIViewController+Extension.swift"; sourceTree = "<group>"; };
		54E3654226777E39001B9C72 /* UIColor+Extension.swift */ = {isa = PBXFileReference; lastKnownFileType = sourcecode.swift; path = "UIColor+Extension.swift"; sourceTree = "<group>"; };
		54E3654426777E5E001B9C72 /* UIView+Extension.swift */ = {isa = PBXFileReference; lastKnownFileType = sourcecode.swift; path = "UIView+Extension.swift"; sourceTree = "<group>"; };
		54E3654626777EA1001B9C72 /* LetterSpacing+Extension.swift */ = {isa = PBXFileReference; lastKnownFileType = sourcecode.swift; path = "LetterSpacing+Extension.swift"; sourceTree = "<group>"; };
		54E3654826777EE7001B9C72 /* UIFont+Extension.swift */ = {isa = PBXFileReference; lastKnownFileType = sourcecode.swift; path = "UIFont+Extension.swift"; sourceTree = "<group>"; };
		54E3654A26777EFD001B9C72 /* UIDevice+Extension.swift */ = {isa = PBXFileReference; lastKnownFileType = sourcecode.swift; path = "UIDevice+Extension.swift"; sourceTree = "<group>"; };
		54E3654C26777F0D001B9C72 /* UITextField+Extension.swift */ = {isa = PBXFileReference; lastKnownFileType = sourcecode.swift; path = "UITextField+Extension.swift"; sourceTree = "<group>"; };
		54E3654E2677822B001B9C72 /* APIService.swift */ = {isa = PBXFileReference; lastKnownFileType = sourcecode.swift; path = APIService.swift; sourceTree = "<group>"; };
		54E3655026778242001B9C72 /* APITarget.swift */ = {isa = PBXFileReference; lastKnownFileType = sourcecode.swift; path = APITarget.swift; sourceTree = "<group>"; };
		54E3655226778255001B9C72 /* NetworkResult.swift */ = {isa = PBXFileReference; lastKnownFileType = sourcecode.swift; path = NetworkResult.swift; sourceTree = "<group>"; };
		54E3655426778263001B9C72 /* GenericResponse.swift */ = {isa = PBXFileReference; lastKnownFileType = sourcecode.swift; path = GenericResponse.swift; sourceTree = "<group>"; };
		54E365562677829B001B9C72 /* PlainData.swift */ = {isa = PBXFileReference; lastKnownFileType = sourcecode.swift; path = PlainData.swift; sourceTree = "<group>"; };
		54E36558267782F5001B9C72 /* TestData.swift */ = {isa = PBXFileReference; lastKnownFileType = sourcecode.swift; path = TestData.swift; sourceTree = "<group>"; };
/* End PBXFileReference section */

/* Begin PBXFrameworksBuildPhase section */
		54E36513267778B8001B9C72 /* Frameworks */ = {
			isa = PBXFrameworksBuildPhase;
			buildActionMask = 2147483647;
			files = (
				547EDB5A269839F700AA7A5E /* SnapKit in Frameworks */,
				547EDB57269839B900AA7A5E /* Moya in Frameworks */,
				548C2F0C269768360092EB51 /* Kingfisher in Frameworks */,
				547EDB5D26983A1B00AA7A5E /* Then in Frameworks */,
			);
			runOnlyForDeploymentPostprocessing = 0;
		};
/* End PBXFrameworksBuildPhase section */

/* Begin PBXGroup section */
		548C2F072697668B0092EB51 /* Protocols */ = {
			isa = PBXGroup;
			children = (
				548C2F082697669D0092EB51 /* ReusableView.swift */,
			);
			path = Protocols;
			sourceTree = "<group>";
		};
		54E3650D267778B8001B9C72 = {
			isa = PBXGroup;
			children = (
				54E36518267778B8001B9C72 /* CommonlyUsedStorage */,
				54E36517267778B8001B9C72 /* Products */,
			);
			sourceTree = "<group>";
		};
		54E36517267778B8001B9C72 /* Products */ = {
			isa = PBXGroup;
			children = (
				54E36516267778B8001B9C72 /* CommonlyUsedStorage.app */,
			);
			name = Products;
			sourceTree = "<group>";
		};
		54E36518267778B8001B9C72 /* CommonlyUsedStorage */ = {
			isa = PBXGroup;
			children = (
				54E3652F2677797B001B9C72 /* Support */,
				54E3652E26777961001B9C72 /* Screen */,
				54E3652D26777951001B9C72 /* Global */,
			);
			path = CommonlyUsedStorage;
			sourceTree = "<group>";
		};
		54E3652D26777951001B9C72 /* Global */ = {
			isa = PBXGroup;
			children = (
				548C2F072697668B0092EB51 /* Protocols */,
				54E3653226777991001B9C72 /* Service */,
				54E365312677798C001B9C72 /* Model */,
				54E3653026777984001B9C72 /* Extension */,
			);
			path = Global;
			sourceTree = "<group>";
		};
		54E3652E26777961001B9C72 /* Screen */ = {
			isa = PBXGroup;
			children = (
				54E365332677799F001B9C72 /* Main */,
			);
			path = Screen;
			sourceTree = "<group>";
		};
		54E3652F2677797B001B9C72 /* Support */ = {
			isa = PBXGroup;
			children = (
				54E36519267778B8001B9C72 /* AppDelegate.swift */,
				54E3651B267778B8001B9C72 /* SceneDelegate.swift */,
				54E36522267778BB001B9C72 /* Assets.xcassets */,
				54E36524267778BB001B9C72 /* LaunchScreen.storyboard */,
				54E36527267778BB001B9C72 /* Info.plist */,
			);
			path = Support;
			sourceTree = "<group>";
		};
		54E3653026777984001B9C72 /* Extension */ = {
			isa = PBXGroup;
			children = (
				54E3653626777A20001B9C72 /* UIImage+Extension.swift */,
				54E3653A26777A99001B9C72 /* UITableView+Extension.swift */,
				54E3653C26777AAE001B9C72 /* UICollectionView+Extension.swift */,
				54E3653E26777CDE001B9C72 /* PublicFunc.swift */,
				54E3654026777D49001B9C72 /* UIViewController+Extension.swift */,
				54E3654226777E39001B9C72 /* UIColor+Extension.swift */,
				54E3654426777E5E001B9C72 /* UIView+Extension.swift */,
				54E3654626777EA1001B9C72 /* LetterSpacing+Extension.swift */,
				54E3654826777EE7001B9C72 /* UIFont+Extension.swift */,
				54E3654A26777EFD001B9C72 /* UIDevice+Extension.swift */,
				54E3654C26777F0D001B9C72 /* UITextField+Extension.swift */,
			);
			path = Extension;
			sourceTree = "<group>";
		};
		54E365312677798C001B9C72 /* Model */ = {
			isa = PBXGroup;
			children = (
				54E3655426778263001B9C72 /* GenericResponse.swift */,
				54E365562677829B001B9C72 /* PlainData.swift */,
				54E36558267782F5001B9C72 /* TestData.swift */,
			);
			path = Model;
			sourceTree = "<group>";
		};
		54E3653226777991001B9C72 /* Service */ = {
			isa = PBXGroup;
			children = (
				54E3654E2677822B001B9C72 /* APIService.swift */,
				54E3655026778242001B9C72 /* APITarget.swift */,
				54E3655226778255001B9C72 /* NetworkResult.swift */,
			);
			path = Service;
			sourceTree = "<group>";
		};
		54E365332677799F001B9C72 /* Main */ = {
			isa = PBXGroup;
			children = (
				54E36534267779B1001B9C72 /* Storyboard */,
				54E3651D267778B8001B9C72 /* ViewController.swift */,
			);
			path = Main;
			sourceTree = "<group>";
		};
		54E36534267779B1001B9C72 /* Storyboard */ = {
			isa = PBXGroup;
			children = (
				54E3651F267778B8001B9C72 /* Main.storyboard */,
			);
			path = Storyboard;
			sourceTree = "<group>";
		};
/* End PBXGroup section */

/* Begin PBXNativeTarget section */
		54E36515267778B8001B9C72 /* CommonlyUsedStorage */ = {
			isa = PBXNativeTarget;
			buildConfigurationList = 54E3652A267778BB001B9C72 /* Build configuration list for PBXNativeTarget "CommonlyUsedStorage" */;
			buildPhases = (
				54E36512267778B8001B9C72 /* Sources */,
				54E36513267778B8001B9C72 /* Frameworks */,
				54E36514267778B8001B9C72 /* Resources */,
			);
			buildRules = (
			);
			dependencies = (
			);
			name = CommonlyUsedStorage;
			packageProductDependencies = (
				548C2F0B269768360092EB51 /* Kingfisher */,
				547EDB56269839B900AA7A5E /* Moya */,
				547EDB59269839F700AA7A5E /* SnapKit */,
				547EDB5C26983A1B00AA7A5E /* Then */,
			);
			productName = CommonlyUsedStorage;
			productReference = 54E36516267778B8001B9C72 /* CommonlyUsedStorage.app */;
			productType = "com.apple.product-type.application";
		};
/* End PBXNativeTarget section */

/* Begin PBXProject section */
		54E3650E267778B8001B9C72 /* Project object */ = {
			isa = PBXProject;
			attributes = {
				LastSwiftUpdateCheck = 1250;
				LastUpgradeCheck = 1250;
				TargetAttributes = {
					54E36515267778B8001B9C72 = {
						CreatedOnToolsVersion = 12.5;
					};
				};
			};
			buildConfigurationList = 54E36511267778B8001B9C72 /* Build configuration list for PBXProject "CommonlyUsedStorage" */;
			compatibilityVersion = "Xcode 9.3";
			developmentRegion = en;
			hasScannedForEncodings = 0;
			knownRegions = (
				en,
				Base,
			);
			mainGroup = 54E3650D267778B8001B9C72;
			packageReferences = (
				548C2F0A269768360092EB51 /* XCRemoteSwiftPackageReference "Kingfisher" */,
				547EDB55269839B900AA7A5E /* XCRemoteSwiftPackageReference "Moya" */,
				547EDB58269839F700AA7A5E /* XCRemoteSwiftPackageReference "SnapKit" */,
				547EDB5B26983A1B00AA7A5E /* XCRemoteSwiftPackageReference "Then" */,
			);
			productRefGroup = 54E36517267778B8001B9C72 /* Products */;
			projectDirPath = "";
			projectRoot = "";
			targets = (
				54E36515267778B8001B9C72 /* CommonlyUsedStorage */,
			);
		};
/* End PBXProject section */

/* Begin PBXResourcesBuildPhase section */
		54E36514267778B8001B9C72 /* Resources */ = {
			isa = PBXResourcesBuildPhase;
			buildActionMask = 2147483647;
			files = (
				54E36526267778BB001B9C72 /* LaunchScreen.storyboard in Resources */,
				54E36523267778BB001B9C72 /* Assets.xcassets in Resources */,
				54E36521267778B8001B9C72 /* Main.storyboard in Resources */,
			);
			runOnlyForDeploymentPostprocessing = 0;
		};
/* End PBXResourcesBuildPhase section */

/* Begin PBXSourcesBuildPhase section */
		54E36512267778B8001B9C72 /* Sources */ = {
			isa = PBXSourcesBuildPhase;
			buildActionMask = 2147483647;
			files = (
				54E3655526778263001B9C72 /* GenericResponse.swift in Sources */,
				54E3654B26777EFD001B9C72 /* UIDevice+Extension.swift in Sources */,
				54E3654F2677822B001B9C72 /* APIService.swift in Sources */,
				54E36559267782F5001B9C72 /* TestData.swift in Sources */,
				54E3653D26777AAE001B9C72 /* UICollectionView+Extension.swift in Sources */,
				54E3651E267778B8001B9C72 /* ViewController.swift in Sources */,
				54E365572677829B001B9C72 /* PlainData.swift in Sources */,
				54E3654126777D49001B9C72 /* UIViewController+Extension.swift in Sources */,
				54E3654326777E39001B9C72 /* UIColor+Extension.swift in Sources */,
				54E3651A267778B8001B9C72 /* AppDelegate.swift in Sources */,
				54E3653B26777A99001B9C72 /* UITableView+Extension.swift in Sources */,
				54E3654926777EE7001B9C72 /* UIFont+Extension.swift in Sources */,
				548C2F092697669D0092EB51 /* ReusableView.swift in Sources */,
				54E3651C267778B8001B9C72 /* SceneDelegate.swift in Sources */,
				54E3654D26777F0D001B9C72 /* UITextField+Extension.swift in Sources */,
				54E3655126778242001B9C72 /* APITarget.swift in Sources */,
				54E3653726777A20001B9C72 /* UIImage+Extension.swift in Sources */,
				54E3654526777E5E001B9C72 /* UIView+Extension.swift in Sources */,
				54E3654726777EA1001B9C72 /* LetterSpacing+Extension.swift in Sources */,
				54E3655326778255001B9C72 /* NetworkResult.swift in Sources */,
				54E3653F26777CDE001B9C72 /* PublicFunc.swift in Sources */,
			);
			runOnlyForDeploymentPostprocessing = 0;
		};
/* End PBXSourcesBuildPhase section */

/* Begin PBXVariantGroup section */
		54E3651F267778B8001B9C72 /* Main.storyboard */ = {
			isa = PBXVariantGroup;
			children = (
				54E36520267778B8001B9C72 /* Base */,
			);
			name = Main.storyboard;
			sourceTree = "<group>";
		};
		54E36524267778BB001B9C72 /* LaunchScreen.storyboard */ = {
			isa = PBXVariantGroup;
			children = (
				54E36525267778BB001B9C72 /* Base */,
			);
			name = LaunchScreen.storyboard;
			sourceTree = "<group>";
		};
/* End PBXVariantGroup section */

/* Begin XCBuildConfiguration section */
		54E36528267778BB001B9C72 /* Debug */ = {
			isa = XCBuildConfiguration;
			buildSettings = {
				ALWAYS_SEARCH_USER_PATHS = NO;
				CLANG_ANALYZER_NONNULL = YES;
				CLANG_ANALYZER_NUMBER_OBJECT_CONVERSION = YES_AGGRESSIVE;
				CLANG_CXX_LANGUAGE_STANDARD = "gnu++14";
				CLANG_CXX_LIBRARY = "libc++";
				CLANG_ENABLE_MODULES = YES;
				CLANG_ENABLE_OBJC_ARC = YES;
				CLANG_ENABLE_OBJC_WEAK = YES;
				CLANG_WARN_BLOCK_CAPTURE_AUTORELEASING = YES;
				CLANG_WARN_BOOL_CONVERSION = YES;
				CLANG_WARN_COMMA = YES;
				CLANG_WARN_CONSTANT_CONVERSION = YES;
				CLANG_WARN_DEPRECATED_OBJC_IMPLEMENTATIONS = YES;
				CLANG_WARN_DIRECT_OBJC_ISA_USAGE = YES_ERROR;
				CLANG_WARN_DOCUMENTATION_COMMENTS = YES;
				CLANG_WARN_EMPTY_BODY = YES;
				CLANG_WARN_ENUM_CONVERSION = YES;
				CLANG_WARN_INFINITE_RECURSION = YES;
				CLANG_WARN_INT_CONVERSION = YES;
				CLANG_WARN_NON_LITERAL_NULL_CONVERSION = YES;
				CLANG_WARN_OBJC_IMPLICIT_RETAIN_SELF = YES;
				CLANG_WARN_OBJC_LITERAL_CONVERSION = YES;
				CLANG_WARN_OBJC_ROOT_CLASS = YES_ERROR;
				CLANG_WARN_QUOTED_INCLUDE_IN_FRAMEWORK_HEADER = YES;
				CLANG_WARN_RANGE_LOOP_ANALYSIS = YES;
				CLANG_WARN_STRICT_PROTOTYPES = YES;
				CLANG_WARN_SUSPICIOUS_MOVE = YES;
				CLANG_WARN_UNGUARDED_AVAILABILITY = YES_AGGRESSIVE;
				CLANG_WARN_UNREACHABLE_CODE = YES;
				CLANG_WARN__DUPLICATE_METHOD_MATCH = YES;
				COPY_PHASE_STRIP = NO;
				DEBUG_INFORMATION_FORMAT = dwarf;
				ENABLE_STRICT_OBJC_MSGSEND = YES;
				ENABLE_TESTABILITY = YES;
				GCC_C_LANGUAGE_STANDARD = gnu11;
				GCC_DYNAMIC_NO_PIC = NO;
				GCC_NO_COMMON_BLOCKS = YES;
				GCC_OPTIMIZATION_LEVEL = 0;
				GCC_PREPROCESSOR_DEFINITIONS = (
					"DEBUG=1",
					"$(inherited)",
				);
				GCC_WARN_64_TO_32_BIT_CONVERSION = YES;
				GCC_WARN_ABOUT_RETURN_TYPE = YES_ERROR;
				GCC_WARN_UNDECLARED_SELECTOR = YES;
				GCC_WARN_UNINITIALIZED_AUTOS = YES_AGGRESSIVE;
				GCC_WARN_UNUSED_FUNCTION = YES;
				GCC_WARN_UNUSED_VARIABLE = YES;
				IPHONEOS_DEPLOYMENT_TARGET = 14.5;
				MTL_ENABLE_DEBUG_INFO = INCLUDE_SOURCE;
				MTL_FAST_MATH = YES;
				ONLY_ACTIVE_ARCH = YES;
				SDKROOT = iphoneos;
				SWIFT_ACTIVE_COMPILATION_CONDITIONS = DEBUG;
				SWIFT_OPTIMIZATION_LEVEL = "-Onone";
			};
			name = Debug;
		};
		54E36529267778BB001B9C72 /* Release */ = {
			isa = XCBuildConfiguration;
			buildSettings = {
				ALWAYS_SEARCH_USER_PATHS = NO;
				CLANG_ANALYZER_NONNULL = YES;
				CLANG_ANALYZER_NUMBER_OBJECT_CONVERSION = YES_AGGRESSIVE;
				CLANG_CXX_LANGUAGE_STANDARD = "gnu++14";
				CLANG_CXX_LIBRARY = "libc++";
				CLANG_ENABLE_MODULES = YES;
				CLANG_ENABLE_OBJC_ARC = YES;
				CLANG_ENABLE_OBJC_WEAK = YES;
				CLANG_WARN_BLOCK_CAPTURE_AUTORELEASING = YES;
				CLANG_WARN_BOOL_CONVERSION = YES;
				CLANG_WARN_COMMA = YES;
				CLANG_WARN_CONSTANT_CONVERSION = YES;
				CLANG_WARN_DEPRECATED_OBJC_IMPLEMENTATIONS = YES;
				CLANG_WARN_DIRECT_OBJC_ISA_USAGE = YES_ERROR;
				CLANG_WARN_DOCUMENTATION_COMMENTS = YES;
				CLANG_WARN_EMPTY_BODY = YES;
				CLANG_WARN_ENUM_CONVERSION = YES;
				CLANG_WARN_INFINITE_RECURSION = YES;
				CLANG_WARN_INT_CONVERSION = YES;
				CLANG_WARN_NON_LITERAL_NULL_CONVERSION = YES;
				CLANG_WARN_OBJC_IMPLICIT_RETAIN_SELF = YES;
				CLANG_WARN_OBJC_LITERAL_CONVERSION = YES;
				CLANG_WARN_OBJC_ROOT_CLASS = YES_ERROR;
				CLANG_WARN_QUOTED_INCLUDE_IN_FRAMEWORK_HEADER = YES;
				CLANG_WARN_RANGE_LOOP_ANALYSIS = YES;
				CLANG_WARN_STRICT_PROTOTYPES = YES;
				CLANG_WARN_SUSPICIOUS_MOVE = YES;
				CLANG_WARN_UNGUARDED_AVAILABILITY = YES_AGGRESSIVE;
				CLANG_WARN_UNREACHABLE_CODE = YES;
				CLANG_WARN__DUPLICATE_METHOD_MATCH = YES;
				COPY_PHASE_STRIP = NO;
				DEBUG_INFORMATION_FORMAT = "dwarf-with-dsym";
				ENABLE_NS_ASSERTIONS = NO;
				ENABLE_STRICT_OBJC_MSGSEND = YES;
				GCC_C_LANGUAGE_STANDARD = gnu11;
				GCC_NO_COMMON_BLOCKS = YES;
				GCC_WARN_64_TO_32_BIT_CONVERSION = YES;
				GCC_WARN_ABOUT_RETURN_TYPE = YES_ERROR;
				GCC_WARN_UNDECLARED_SELECTOR = YES;
				GCC_WARN_UNINITIALIZED_AUTOS = YES_AGGRESSIVE;
				GCC_WARN_UNUSED_FUNCTION = YES;
				GCC_WARN_UNUSED_VARIABLE = YES;
				IPHONEOS_DEPLOYMENT_TARGET = 14.5;
				MTL_ENABLE_DEBUG_INFO = NO;
				MTL_FAST_MATH = YES;
				SDKROOT = iphoneos;
				SWIFT_COMPILATION_MODE = wholemodule;
				SWIFT_OPTIMIZATION_LEVEL = "-O";
				VALIDATE_PRODUCT = YES;
			};
			name = Release;
		};
		54E3652B267778BB001B9C72 /* Debug */ = {
			isa = XCBuildConfiguration;
			buildSettings = {
				ASSETCATALOG_COMPILER_APPICON_NAME = AppIcon;
				ASSETCATALOG_COMPILER_GLOBAL_ACCENT_COLOR_NAME = AccentColor;
				CODE_SIGN_STYLE = Automatic;
				DEVELOPMENT_TEAM = N8FDQCW52Q;
				INFOPLIST_FILE = CommonlyUsedStorage/Support/Info.plist;
				LD_RUNPATH_SEARCH_PATHS = (
					"$(inherited)",
					"@executable_path/Frameworks",
				);
				PRODUCT_BUNDLE_IDENTIFIER = wonseok.CommonlyUsedStorage;
				PRODUCT_NAME = "$(TARGET_NAME)";
				SWIFT_VERSION = 5.0;
				TARGETED_DEVICE_FAMILY = "1,2";
			};
			name = Debug;
		};
		54E3652C267778BB001B9C72 /* Release */ = {
			isa = XCBuildConfiguration;
			buildSettings = {
				ASSETCATALOG_COMPILER_APPICON_NAME = AppIcon;
				ASSETCATALOG_COMPILER_GLOBAL_ACCENT_COLOR_NAME = AccentColor;
				CODE_SIGN_STYLE = Automatic;
				DEVELOPMENT_TEAM = N8FDQCW52Q;
				INFOPLIST_FILE = CommonlyUsedStorage/Support/Info.plist;
				LD_RUNPATH_SEARCH_PATHS = (
					"$(inherited)",
					"@executable_path/Frameworks",
				);
				PRODUCT_BUNDLE_IDENTIFIER = wonseok.CommonlyUsedStorage;
				PRODUCT_NAME = "$(TARGET_NAME)";
				SWIFT_VERSION = 5.0;
				TARGETED_DEVICE_FAMILY = "1,2";
			};
			name = Release;
		};
/* End XCBuildConfiguration section */

/* Begin XCConfigurationList section */
		54E36511267778B8001B9C72 /* Build configuration list for PBXProject "CommonlyUsedStorage" */ = {
			isa = XCConfigurationList;
			buildConfigurations = (
				54E36528267778BB001B9C72 /* Debug */,
				54E36529267778BB001B9C72 /* Release */,
			);
			defaultConfigurationIsVisible = 0;
			defaultConfigurationName = Release;
		};
		54E3652A267778BB001B9C72 /* Build configuration list for PBXNativeTarget "CommonlyUsedStorage" */ = {
			isa = XCConfigurationList;
			buildConfigurations = (
				54E3652B267778BB001B9C72 /* Debug */,
				54E3652C267778BB001B9C72 /* Release */,
			);
			defaultConfigurationIsVisible = 0;
			defaultConfigurationName = Release;
		};
/* End XCConfigurationList section */

/* Begin XCRemoteSwiftPackageReference section */
		547EDB55269839B900AA7A5E /* XCRemoteSwiftPackageReference "Moya" */ = {
			isa = XCRemoteSwiftPackageReference;
			repositoryURL = "https://github.com/Moya/Moya.git";
			requirement = {
				kind = upToNextMajorVersion;
				minimumVersion = 14.0.1;
			};
		};
		547EDB58269839F700AA7A5E /* XCRemoteSwiftPackageReference "SnapKit" */ = {
			isa = XCRemoteSwiftPackageReference;
			repositoryURL = "https://github.com/SnapKit/SnapKit.git";
			requirement = {
				kind = upToNextMajorVersion;
				minimumVersion = 5.0.1;
			};
		};
		547EDB5B26983A1B00AA7A5E /* XCRemoteSwiftPackageReference "Then" */ = {
			isa = XCRemoteSwiftPackageReference;
			repositoryURL = "https://github.com/devxoul/Then";
			requirement = {
				kind = upToNextMajorVersion;
				minimumVersion = 2.7.0;
			};
		};
		548C2F0A269768360092EB51 /* XCRemoteSwiftPackageReference "Kingfisher" */ = {
			isa = XCRemoteSwiftPackageReference;
			repositoryURL = "https://github.com/onevcat/Kingfisher.git";
			requirement = {
				kind = upToNextMajorVersion;
				minimumVersion = 6.3.0;
			};
		};
/* End XCRemoteSwiftPackageReference section */

/* Begin XCSwiftPackageProductDependency section */
		547EDB56269839B900AA7A5E /* Moya */ = {
			isa = XCSwiftPackageProductDependency;
			package = 547EDB55269839B900AA7A5E /* XCRemoteSwiftPackageReference "Moya" */;
			productName = Moya;
		};
		547EDB59269839F700AA7A5E /* SnapKit */ = {
			isa = XCSwiftPackageProductDependency;
			package = 547EDB58269839F700AA7A5E /* XCRemoteSwiftPackageReference "SnapKit" */;
			productName = SnapKit;
		};
		547EDB5C26983A1B00AA7A5E /* Then */ = {
			isa = XCSwiftPackageProductDependency;
			package = 547EDB5B26983A1B00AA7A5E /* XCRemoteSwiftPackageReference "Then" */;
			productName = Then;
		};
		548C2F0B269768360092EB51 /* Kingfisher */ = {
			isa = XCSwiftPackageProductDependency;
			package = 548C2F0A269768360092EB51 /* XCRemoteSwiftPackageReference "Kingfisher" */;
			productName = Kingfisher;
		};
/* End XCSwiftPackageProductDependency section */
	};
	rootObject = 54E3650E267778B8001B9C72 /* Project object */;
}
