// !$*UTF8*$!
{
	archiveVersion = 1;
	classes = {
	};
	objectVersion = 50;
	objects = {

/* Begin PBXBuildFile section */
		54A0343F26B5A0010048A670 /* AppDelegate.swift in Sources */ = {isa = PBXBuildFile; fileRef = 54A0343E26B5A0010048A670 /* AppDelegate.swift */; };
		54A0344126B5A0010048A670 /* SceneDelegate.swift in Sources */ = {isa = PBXBuildFile; fileRef = 54A0344026B5A0010048A670 /* SceneDelegate.swift */; };
		54A0344326B5A0010048A670 /* ViewController.swift in Sources */ = {isa = PBXBuildFile; fileRef = 54A0344226B5A0010048A670 /* ViewController.swift */; };
		54A0344626B5A0010048A670 /* Main.storyboard in Resources */ = {isa = PBXBuildFile; fileRef = 54A0344426B5A0010048A670 /* Main.storyboard */; };
		54A0344826B5A0040048A670 /* Assets.xcassets in Resources */ = {isa = PBXBuildFile; fileRef = 54A0344726B5A0040048A670 /* Assets.xcassets */; };
		54A0344B26B5A0040048A670 /* LaunchScreen.storyboard in Resources */ = {isa = PBXBuildFile; fileRef = 54A0344926B5A0040048A670 /* LaunchScreen.storyboard */; };
		54A0345326B5A0390048A670 /* loginVC.swift in Sources */ = {isa = PBXBuildFile; fileRef = 54A0345226B5A0390048A670 /* loginVC.swift */; };
		54A0345526B5A0410048A670 /* naviVC.swift in Sources */ = {isa = PBXBuildFile; fileRef = 54A0345426B5A0410048A670 /* naviVC.swift */; };
		54A0345726B5A0510048A670 /* naviNC.swift in Sources */ = {isa = PBXBuildFile; fileRef = 54A0345626B5A0510048A670 /* naviNC.swift */; };
		54A0345926B5A2E60048A670 /* loginNC.swift in Sources */ = {isa = PBXBuildFile; fileRef = 54A0345826B5A2E60048A670 /* loginNC.swift */; };
/* End PBXBuildFile section */

/* Begin PBXFileReference section */
		54A0343B26B5A0010048A670 /* test.app */ = {isa = PBXFileReference; explicitFileType = wrapper.application; includeInIndex = 0; path = test.app; sourceTree = BUILT_PRODUCTS_DIR; };
		54A0343E26B5A0010048A670 /* AppDelegate.swift */ = {isa = PBXFileReference; lastKnownFileType = sourcecode.swift; path = AppDelegate.swift; sourceTree = "<group>"; };
		54A0344026B5A0010048A670 /* SceneDelegate.swift */ = {isa = PBXFileReference; lastKnownFileType = sourcecode.swift; path = SceneDelegate.swift; sourceTree = "<group>"; };
		54A0344226B5A0010048A670 /* ViewController.swift */ = {isa = PBXFileReference; lastKnownFileType = sourcecode.swift; path = ViewController.swift; sourceTree = "<group>"; };
		54A0344526B5A0010048A670 /* Base */ = {isa = PBXFileReference; lastKnownFileType = file.storyboard; name = Base; path = Base.lproj/Main.storyboard; sourceTree = "<group>"; };
		54A0344726B5A0040048A670 /* Assets.xcassets */ = {isa = PBXFileReference; lastKnownFileType = folder.assetcatalog; path = Assets.xcassets; sourceTree = "<group>"; };
		54A0344A26B5A0040048A670 /* Base */ = {isa = PBXFileReference; lastKnownFileType = file.storyboard; name = Base; path = Base.lproj/LaunchScreen.storyboard; sourceTree = "<group>"; };
		54A0344C26B5A0040048A670 /* Info.plist */ = {isa = PBXFileReference; lastKnownFileType = text.plist.xml; path = Info.plist; sourceTree = "<group>"; };
		54A0345226B5A0390048A670 /* loginVC.swift */ = {isa = PBXFileReference; lastKnownFileType = sourcecode.swift; path = loginVC.swift; sourceTree = "<group>"; };
		54A0345426B5A0410048A670 /* naviVC.swift */ = {isa = PBXFileReference; lastKnownFileType = sourcecode.swift; path = naviVC.swift; sourceTree = "<group>"; };
		54A0345626B5A0510048A670 /* naviNC.swift */ = {isa = PBXFileReference; lastKnownFileType = sourcecode.swift; path = naviNC.swift; sourceTree = "<group>"; };
		54A0345826B5A2E60048A670 /* loginNC.swift */ = {isa = PBXFileReference; lastKnownFileType = sourcecode.swift; path = loginNC.swift; sourceTree = "<group>"; };
/* End PBXFileReference section */

/* Begin PBXFrameworksBuildPhase section */
		54A0343826B5A0010048A670 /* Frameworks */ = {
			isa = PBXFrameworksBuildPhase;
			buildActionMask = 2147483647;
			files = (
			);
			runOnlyForDeploymentPostprocessing = 0;
		};
/* End PBXFrameworksBuildPhase section */

/* Begin PBXGroup section */
		54A0343226B5A0010048A670 = {
			isa = PBXGroup;
			children = (
				54A0345826B5A2E60048A670 /* loginNC.swift */,
				54A0343D26B5A0010048A670 /* test */,
				54A0343C26B5A0010048A670 /* Products */,
			);
			sourceTree = "<group>";
		};
		54A0343C26B5A0010048A670 /* Products */ = {
			isa = PBXGroup;
			children = (
				54A0343B26B5A0010048A670 /* test.app */,
			);
			name = Products;
			sourceTree = "<group>";
		};
		54A0343D26B5A0010048A670 /* test */ = {
			isa = PBXGroup;
			children = (
				54A0343E26B5A0010048A670 /* AppDelegate.swift */,
				54A0344026B5A0010048A670 /* SceneDelegate.swift */,
				54A0344226B5A0010048A670 /* ViewController.swift */,
				54A0344426B5A0010048A670 /* Main.storyboard */,
				54A0345226B5A0390048A670 /* loginVC.swift */,
				54A0345426B5A0410048A670 /* naviVC.swift */,
				54A0345626B5A0510048A670 /* naviNC.swift */,
				54A0344726B5A0040048A670 /* Assets.xcassets */,
				54A0344926B5A0040048A670 /* LaunchScreen.storyboard */,
				54A0344C26B5A0040048A670 /* Info.plist */,
			);
			path = test;
			sourceTree = "<group>";
		};
/* End PBXGroup section */

/* Begin PBXNativeTarget section */
		54A0343A26B5A0010048A670 /* test */ = {
			isa = PBXNativeTarget;
			buildConfigurationList = 54A0344F26B5A0040048A670 /* Build configuration list for PBXNativeTarget "test" */;
			buildPhases = (
				54A0343726B5A0010048A670 /* Sources */,
				54A0343826B5A0010048A670 /* Frameworks */,
				54A0343926B5A0010048A670 /* Resources */,
			);
			buildRules = (
			);
			dependencies = (
			);
			name = test;
			productName = test;
			productReference = 54A0343B26B5A0010048A670 /* test.app */;
			productType = "com.apple.product-type.application";
		};
/* End PBXNativeTarget section */

/* Begin PBXProject section */
		54A0343326B5A0010048A670 /* Project object */ = {
			isa = PBXProject;
			attributes = {
				LastSwiftUpdateCheck = 1250;
				LastUpgradeCheck = 1250;
				TargetAttributes = {
					54A0343A26B5A0010048A670 = {
						CreatedOnToolsVersion = 12.5.1;
					};
				};
			};
			buildConfigurationList = 54A0343626B5A0010048A670 /* Build configuration list for PBXProject "test" */;
			compatibilityVersion = "Xcode 9.3";
			developmentRegion = en;
			hasScannedForEncodings = 0;
			knownRegions = (
				en,
				Base,
			);
			mainGroup = 54A0343226B5A0010048A670;
			productRefGroup = 54A0343C26B5A0010048A670 /* Products */;
			projectDirPath = "";
			projectRoot = "";
			targets = (
				54A0343A26B5A0010048A670 /* test */,
			);
		};
/* End PBXProject section */

/* Begin PBXResourcesBuildPhase section */
		54A0343926B5A0010048A670 /* Resources */ = {
			isa = PBXResourcesBuildPhase;
			buildActionMask = 2147483647;
			files = (
				54A0344B26B5A0040048A670 /* LaunchScreen.storyboard in Resources */,
				54A0344826B5A0040048A670 /* Assets.xcassets in Resources */,
				54A0344626B5A0010048A670 /* Main.storyboard in Resources */,
			);
			runOnlyForDeploymentPostprocessing = 0;
		};
/* End PBXResourcesBuildPhase section */

/* Begin PBXSourcesBuildPhase section */
		54A0343726B5A0010048A670 /* Sources */ = {
			isa = PBXSourcesBuildPhase;
			buildActionMask = 2147483647;
			files = (
				54A0344326B5A0010048A670 /* ViewController.swift in Sources */,
				54A0343F26B5A0010048A670 /* AppDelegate.swift in Sources */,
				54A0345326B5A0390048A670 /* loginVC.swift in Sources */,
				54A0344126B5A0010048A670 /* SceneDelegate.swift in Sources */,
				54A0345726B5A0510048A670 /* naviNC.swift in Sources */,
				54A0345926B5A2E60048A670 /* loginNC.swift in Sources */,
				54A0345526B5A0410048A670 /* naviVC.swift in Sources */,
			);
			runOnlyForDeploymentPostprocessing = 0;
		};
/* End PBXSourcesBuildPhase section */

/* Begin PBXVariantGroup section */
		54A0344426B5A0010048A670 /* Main.storyboard */ = {
			isa = PBXVariantGroup;
			children = (
				54A0344526B5A0010048A670 /* Base */,
			);
			name = Main.storyboard;
			sourceTree = "<group>";
		};
		54A0344926B5A0040048A670 /* LaunchScreen.storyboard */ = {
			isa = PBXVariantGroup;
			children = (
				54A0344A26B5A0040048A670 /* Base */,
			);
			name = LaunchScreen.storyboard;
			sourceTree = "<group>";
		};
/* End PBXVariantGroup section */

/* Begin XCBuildConfiguration section */
		54A0344D26B5A0040048A670 /* Debug */ = {
			isa = XCBuildConfiguration;
			buildSettings = {
				ALWAYS_SEARCH_USER_PATHS = NO;
				CLANG_ANALYZER_NONNULL = YES;
				CLANG_ANALYZER_NUMBER_OBJECT_CONVERSION = YES_AGGRESSIVE;
				CLANG_CXX_LANGUAGE_STANDARD = "gnu++14";
				CLANG_CXX_LIBRARY = "libc++";
				CLANG_ENABLE_MODULES = YES;
				CLANG_ENABLE_OBJC_ARC = YES;
				CLANG_ENABLE_OBJC_WEAK = YES;
				CLANG_WARN_BLOCK_CAPTURE_AUTORELEASING = YES;
				CLANG_WARN_BOOL_CONVERSION = YES;
				CLANG_WARN_COMMA = YES;
				CLANG_WARN_CONSTANT_CONVERSION = YES;
				CLANG_WARN_DEPRECATED_OBJC_IMPLEMENTATIONS = YES;
				CLANG_WARN_DIRECT_OBJC_ISA_USAGE = YES_ERROR;
				CLANG_WARN_DOCUMENTATION_COMMENTS = YES;
				CLANG_WARN_EMPTY_BODY = YES;
				CLANG_WARN_ENUM_CONVERSION = YES;
				CLANG_WARN_INFINITE_RECURSION = YES;
				CLANG_WARN_INT_CONVERSION = YES;
				CLANG_WARN_NON_LITERAL_NULL_CONVERSION = YES;
				CLANG_WARN_OBJC_IMPLICIT_RETAIN_SELF = YES;
				CLANG_WARN_OBJC_LITERAL_CONVERSION = YES;
				CLANG_WARN_OBJC_ROOT_CLASS = YES_ERROR;
				CLANG_WARN_QUOTED_INCLUDE_IN_FRAMEWORK_HEADER = YES;
				CLANG_WARN_RANGE_LOOP_ANALYSIS = YES;
				CLANG_WARN_STRICT_PROTOTYPES = YES;
				CLANG_WARN_SUSPICIOUS_MOVE = YES;
				CLANG_WARN_UNGUARDED_AVAILABILITY = YES_AGGRESSIVE;
				CLANG_WARN_UNREACHABLE_CODE = YES;
				CLANG_WARN__DUPLICATE_METHOD_MATCH = YES;
				COPY_PHASE_STRIP = NO;
				DEBUG_INFORMATION_FORMAT = dwarf;
				ENABLE_STRICT_OBJC_MSGSEND = YES;
				ENABLE_TESTABILITY = YES;
				GCC_C_LANGUAGE_STANDARD = gnu11;
				GCC_DYNAMIC_NO_PIC = NO;
				GCC_NO_COMMON_BLOCKS = YES;
				GCC_OPTIMIZATION_LEVEL = 0;
				GCC_PREPROCESSOR_DEFINITIONS = (
					"DEBUG=1",
					"$(inherited)",
				);
				GCC_WARN_64_TO_32_BIT_CONVERSION = YES;
				GCC_WARN_ABOUT_RETURN_TYPE = YES_ERROR;
				GCC_WARN_UNDECLARED_SELECTOR = YES;
				GCC_WARN_UNINITIALIZED_AUTOS = YES_AGGRESSIVE;
				GCC_WARN_UNUSED_FUNCTION = YES;
				GCC_WARN_UNUSED_VARIABLE = YES;
				IPHONEOS_DEPLOYMENT_TARGET = 14.5;
				MTL_ENABLE_DEBUG_INFO = INCLUDE_SOURCE;
				MTL_FAST_MATH = YES;
				ONLY_ACTIVE_ARCH = YES;
				SDKROOT = iphoneos;
				SWIFT_ACTIVE_COMPILATION_CONDITIONS = DEBUG;
				SWIFT_OPTIMIZATION_LEVEL = "-Onone";
			};
			name = Debug;
		};
		54A0344E26B5A0040048A670 /* Release */ = {
			isa = XCBuildConfiguration;
			buildSettings = {
				ALWAYS_SEARCH_USER_PATHS = NO;
				CLANG_ANALYZER_NONNULL = YES;
				CLANG_ANALYZER_NUMBER_OBJECT_CONVERSION = YES_AGGRESSIVE;
				CLANG_CXX_LANGUAGE_STANDARD = "gnu++14";
				CLANG_CXX_LIBRARY = "libc++";
				CLANG_ENABLE_MODULES = YES;
				CLANG_ENABLE_OBJC_ARC = YES;
				CLANG_ENABLE_OBJC_WEAK = YES;
				CLANG_WARN_BLOCK_CAPTURE_AUTORELEASING = YES;
				CLANG_WARN_BOOL_CONVERSION = YES;
				CLANG_WARN_COMMA = YES;
				CLANG_WARN_CONSTANT_CONVERSION = YES;
				CLANG_WARN_DEPRECATED_OBJC_IMPLEMENTATIONS = YES;
				CLANG_WARN_DIRECT_OBJC_ISA_USAGE = YES_ERROR;
				CLANG_WARN_DOCUMENTATION_COMMENTS = YES;
				CLANG_WARN_EMPTY_BODY = YES;
				CLANG_WARN_ENUM_CONVERSION = YES;
				CLANG_WARN_INFINITE_RECURSION = YES;
				CLANG_WARN_INT_CONVERSION = YES;
				CLANG_WARN_NON_LITERAL_NULL_CONVERSION = YES;
				CLANG_WARN_OBJC_IMPLICIT_RETAIN_SELF = YES;
				CLANG_WARN_OBJC_LITERAL_CONVERSION = YES;
				CLANG_WARN_OBJC_ROOT_CLASS = YES_ERROR;
				CLANG_WARN_QUOTED_INCLUDE_IN_FRAMEWORK_HEADER = YES;
				CLANG_WARN_RANGE_LOOP_ANALYSIS = YES;
				CLANG_WARN_STRICT_PROTOTYPES = YES;
				CLANG_WARN_SUSPICIOUS_MOVE = YES;
				CLANG_WARN_UNGUARDED_AVAILABILITY = YES_AGGRESSIVE;
				CLANG_WARN_UNREACHABLE_CODE = YES;
				CLANG_WARN__DUPLICATE_METHOD_MATCH = YES;
				COPY_PHASE_STRIP = NO;
				DEBUG_INFORMATION_FORMAT = "dwarf-with-dsym";
				ENABLE_NS_ASSERTIONS = NO;
				ENABLE_STRICT_OBJC_MSGSEND = YES;
				GCC_C_LANGUAGE_STANDARD = gnu11;
				GCC_NO_COMMON_BLOCKS = YES;
				GCC_WARN_64_TO_32_BIT_CONVERSION = YES;
				GCC_WARN_ABOUT_RETURN_TYPE = YES_ERROR;
				GCC_WARN_UNDECLARED_SELECTOR = YES;
				GCC_WARN_UNINITIALIZED_AUTOS = YES_AGGRESSIVE;
				GCC_WARN_UNUSED_FUNCTION = YES;
				GCC_WARN_UNUSED_VARIABLE = YES;
				IPHONEOS_DEPLOYMENT_TARGET = 14.5;
				MTL_ENABLE_DEBUG_INFO = NO;
				MTL_FAST_MATH = YES;
				SDKROOT = iphoneos;
				SWIFT_COMPILATION_MODE = wholemodule;
				SWIFT_OPTIMIZATION_LEVEL = "-O";
				VALIDATE_PRODUCT = YES;
			};
			name = Release;
		};
		54A0345026B5A0040048A670 /* Debug */ = {
			isa = XCBuildConfiguration;
			buildSettings = {
				ASSETCATALOG_COMPILER_APPICON_NAME = AppIcon;
				ASSETCATALOG_COMPILER_GLOBAL_ACCENT_COLOR_NAME = AccentColor;
				CODE_SIGN_STYLE = Automatic;
				DEVELOPMENT_TEAM = N8FDQCW52Q;
				INFOPLIST_FILE = test/Info.plist;
				LD_RUNPATH_SEARCH_PATHS = (
					"$(inherited)",
					"@executable_path/Frameworks",
				);
				PRODUCT_BUNDLE_IDENTIFIER = wonseok.test;
				PRODUCT_NAME = "$(TARGET_NAME)";
				SWIFT_VERSION = 5.0;
				TARGETED_DEVICE_FAMILY = "1,2";
			};
			name = Debug;
		};
		54A0345126B5A0040048A670 /* Release */ = {
			isa = XCBuildConfiguration;
			buildSettings = {
				ASSETCATALOG_COMPILER_APPICON_NAME = AppIcon;
				ASSETCATALOG_COMPILER_GLOBAL_ACCENT_COLOR_NAME = AccentColor;
				CODE_SIGN_STYLE = Automatic;
				DEVELOPMENT_TEAM = N8FDQCW52Q;
				INFOPLIST_FILE = test/Info.plist;
				LD_RUNPATH_SEARCH_PATHS = (
					"$(inherited)",
					"@executable_path/Frameworks",
				);
				PRODUCT_BUNDLE_IDENTIFIER = wonseok.test;
				PRODUCT_NAME = "$(TARGET_NAME)";
				SWIFT_VERSION = 5.0;
				TARGETED_DEVICE_FAMILY = "1,2";
			};
			name = Release;
		};
/* End XCBuildConfiguration section */

/* Begin XCConfigurationList section */
		54A0343626B5A0010048A670 /* Build configuration list for PBXProject "test" */ = {
			isa = XCConfigurationList;
			buildConfigurations = (
				54A0344D26B5A0040048A670 /* Debug */,
				54A0344E26B5A0040048A670 /* Release */,
			);
			defaultConfigurationIsVisible = 0;
			defaultConfigurationName = Release;
		};
		54A0344F26B5A0040048A670 /* Build configuration list for PBXNativeTarget "test" */ = {
			isa = XCConfigurationList;
			buildConfigurations = (
				54A0345026B5A0040048A670 /* Debug */,
				54A0345126B5A0040048A670 /* Release */,
			);
			defaultConfigurationIsVisible = 0;
			defaultConfigurationName = Release;
		};
/* End XCConfigurationList section */
	};
	rootObject = 54A0343326B5A0010048A670 /* Project object */;
}
