// !$*UTF8*$!
{
	archiveVersion = 1;
	classes = {
	};
	objectVersion = 55;
	objects = {

/* Begin PBXBuildFile section */
		E81AB9B927E75E3800C8B48B /* AppDelegate.swift in Sources */ = {isa = PBXBuildFile; fileRef = E81AB9B827E75E3800C8B48B /* AppDelegate.swift */; };
		E81AB9BB27E75E3800C8B48B /* SceneDelegate.swift in Sources */ = {isa = PBXBuildFile; fileRef = E81AB9BA27E75E3800C8B48B /* SceneDelegate.swift */; };
		E81AB9BD27E75E3800C8B48B /* ViewController.swift in Sources */ = {isa = PBXBuildFile; fileRef = E81AB9BC27E75E3800C8B48B /* ViewController.swift */; };
		E81AB9C227E75E3900C8B48B /* Assets.xcassets in Resources */ = {isa = PBXBuildFile; fileRef = E81AB9C127E75E3900C8B48B /* Assets.xcassets */; };
		E81AB9C527E75E3900C8B48B /* LaunchScreen.storyboard in Resources */ = {isa = PBXBuildFile; fileRef = E81AB9C327E75E3900C8B48B /* LaunchScreen.storyboard */; };
		E81AB9CE27E75F4600C8B48B /* PinLayout in Frameworks */ = {isa = PBXBuildFile; productRef = E81AB9CD27E75F4600C8B48B /* PinLayout */; };
		E81AB9D127E75F7B00C8B48B /* FlexLayout in Frameworks */ = {isa = PBXBuildFile; productRef = E81AB9D027E75F7B00C8B48B /* FlexLayout */; };
		E81AB9D327E7603300C8B48B /* BottomSheetViewController.swift in Sources */ = {isa = PBXBuildFile; fileRef = E81AB9D227E7603300C8B48B /* BottomSheetViewController.swift */; };
		E8F8A5B627E9D55D00BC6E09 /* defaultHandleView.swift in Sources */ = {isa = PBXBuildFile; fileRef = E8F8A5B527E9D55D00BC6E09 /* defaultHandleView.swift */; };
		E8F8A5B927E9D56900BC6E09 /* Then in Frameworks */ = {isa = PBXBuildFile; productRef = E8F8A5B827E9D56900BC6E09 /* Then */; };
		E8F8A5BB27E9D57400BC6E09 /* anchorHandleView.swift in Sources */ = {isa = PBXBuildFile; fileRef = E8F8A5BA27E9D57400BC6E09 /* anchorHandleView.swift */; };
/* End PBXBuildFile section */

/* Begin PBXFileReference section */
		E81AB9B527E75E3800C8B48B /* FlexibleBottomSheet.app */ = {isa = PBXFileReference; explicitFileType = wrapper.application; includeInIndex = 0; path = FlexibleBottomSheet.app; sourceTree = BUILT_PRODUCTS_DIR; };
		E81AB9B827E75E3800C8B48B /* AppDelegate.swift */ = {isa = PBXFileReference; lastKnownFileType = sourcecode.swift; path = AppDelegate.swift; sourceTree = "<group>"; };
		E81AB9BA27E75E3800C8B48B /* SceneDelegate.swift */ = {isa = PBXFileReference; lastKnownFileType = sourcecode.swift; path = SceneDelegate.swift; sourceTree = "<group>"; };
		E81AB9BC27E75E3800C8B48B /* ViewController.swift */ = {isa = PBXFileReference; lastKnownFileType = sourcecode.swift; path = ViewController.swift; sourceTree = "<group>"; };
		E81AB9C127E75E3900C8B48B /* Assets.xcassets */ = {isa = PBXFileReference; lastKnownFileType = folder.assetcatalog; path = Assets.xcassets; sourceTree = "<group>"; };
		E81AB9C427E75E3900C8B48B /* Base */ = {isa = PBXFileReference; lastKnownFileType = file.storyboard; name = Base; path = Base.lproj/LaunchScreen.storyboard; sourceTree = "<group>"; };
		E81AB9C627E75E3900C8B48B /* Info.plist */ = {isa = PBXFileReference; lastKnownFileType = text.plist.xml; path = Info.plist; sourceTree = "<group>"; };
		E81AB9D227E7603300C8B48B /* BottomSheetViewController.swift */ = {isa = PBXFileReference; lastKnownFileType = sourcecode.swift; path = BottomSheetViewController.swift; sourceTree = "<group>"; };
		E8F8A5B527E9D55D00BC6E09 /* defaultHandleView.swift */ = {isa = PBXFileReference; lastKnownFileType = sourcecode.swift; path = defaultHandleView.swift; sourceTree = "<group>"; };
		E8F8A5BA27E9D57400BC6E09 /* anchorHandleView.swift */ = {isa = PBXFileReference; lastKnownFileType = sourcecode.swift; path = anchorHandleView.swift; sourceTree = "<group>"; };
/* End PBXFileReference section */

/* Begin PBXFrameworksBuildPhase section */
		E81AB9B227E75E3800C8B48B /* Frameworks */ = {
			isa = PBXFrameworksBuildPhase;
			buildActionMask = 2147483647;
			files = (
				E81AB9CE27E75F4600C8B48B /* PinLayout in Frameworks */,
				E8F8A5B927E9D56900BC6E09 /* Then in Frameworks */,
				E81AB9D127E75F7B00C8B48B /* FlexLayout in Frameworks */,
			);
			runOnlyForDeploymentPostprocessing = 0;
		};
/* End PBXFrameworksBuildPhase section */

/* Begin PBXGroup section */
		E81AB9AC27E75E3800C8B48B = {
			isa = PBXGroup;
			children = (
				E81AB9B727E75E3800C8B48B /* FlexibleBottomSheet */,
				E81AB9B627E75E3800C8B48B /* Products */,
			);
			sourceTree = "<group>";
		};
		E81AB9B627E75E3800C8B48B /* Products */ = {
			isa = PBXGroup;
			children = (
				E81AB9B527E75E3800C8B48B /* FlexibleBottomSheet.app */,
			);
			name = Products;
			sourceTree = "<group>";
		};
		E81AB9B727E75E3800C8B48B /* FlexibleBottomSheet */ = {
			isa = PBXGroup;
			children = (
				E8F8A5B427E9D54600BC6E09 /* HandleViews */,
				E81AB9B827E75E3800C8B48B /* AppDelegate.swift */,
				E81AB9BA27E75E3800C8B48B /* SceneDelegate.swift */,
				E81AB9BC27E75E3800C8B48B /* ViewController.swift */,
				E81AB9D227E7603300C8B48B /* BottomSheetViewController.swift */,
				E81AB9C127E75E3900C8B48B /* Assets.xcassets */,
				E81AB9C327E75E3900C8B48B /* LaunchScreen.storyboard */,
				E81AB9C627E75E3900C8B48B /* Info.plist */,
			);
			path = FlexibleBottomSheet;
			sourceTree = "<group>";
		};
		E8F8A5B427E9D54600BC6E09 /* HandleViews */ = {
			isa = PBXGroup;
			children = (
				E8F8A5B527E9D55D00BC6E09 /* defaultHandleView.swift */,
				E8F8A5BA27E9D57400BC6E09 /* anchorHandleView.swift */,
			);
			path = HandleViews;
			sourceTree = "<group>";
		};
/* End PBXGroup section */

/* Begin PBXNativeTarget section */
		E81AB9B427E75E3800C8B48B /* FlexibleBottomSheet */ = {
			isa = PBXNativeTarget;
			buildConfigurationList = E81AB9C927E75E3900C8B48B /* Build configuration list for PBXNativeTarget "FlexibleBottomSheet" */;
			buildPhases = (
				E81AB9B127E75E3800C8B48B /* Sources */,
				E81AB9B227E75E3800C8B48B /* Frameworks */,
				E81AB9B327E75E3800C8B48B /* Resources */,
			);
			buildRules = (
			);
			dependencies = (
			);
			name = FlexibleBottomSheet;
			packageProductDependencies = (
				E81AB9CD27E75F4600C8B48B /* PinLayout */,
				E81AB9D027E75F7B00C8B48B /* FlexLayout */,
				E8F8A5B827E9D56900BC6E09 /* Then */,
			);
			productName = FlexibleBottomSheet;
			productReference = E81AB9B527E75E3800C8B48B /* FlexibleBottomSheet.app */;
			productType = "com.apple.product-type.application";
		};
/* End PBXNativeTarget section */

/* Begin PBXProject section */
		E81AB9AD27E75E3800C8B48B /* Project object */ = {
			isa = PBXProject;
			attributes = {
				BuildIndependentTargetsInParallel = 1;
				LastSwiftUpdateCheck = 1310;
				LastUpgradeCheck = 1310;
				TargetAttributes = {
					E81AB9B427E75E3800C8B48B = {
						CreatedOnToolsVersion = 13.1;
					};
				};
			};
			buildConfigurationList = E81AB9B027E75E3800C8B48B /* Build configuration list for PBXProject "FlexibleBottomSheet" */;
			compatibilityVersion = "Xcode 13.0";
			developmentRegion = en;
			hasScannedForEncodings = 0;
			knownRegions = (
				en,
				Base,
			);
			mainGroup = E81AB9AC27E75E3800C8B48B;
			packageReferences = (
				E81AB9CC27E75F4600C8B48B /* XCRemoteSwiftPackageReference "PinLayout" */,
				E81AB9CF27E75F7B00C8B48B /* XCRemoteSwiftPackageReference "FlexLayout" */,
				E8F8A5B727E9D56900BC6E09 /* XCRemoteSwiftPackageReference "Then" */,
			);
			productRefGroup = E81AB9B627E75E3800C8B48B /* Products */;
			projectDirPath = "";
			projectRoot = "";
			targets = (
				E81AB9B427E75E3800C8B48B /* FlexibleBottomSheet */,
			);
		};
/* End PBXProject section */

/* Begin PBXResourcesBuildPhase section */
		E81AB9B327E75E3800C8B48B /* Resources */ = {
			isa = PBXResourcesBuildPhase;
			buildActionMask = 2147483647;
			files = (
				E81AB9C527E75E3900C8B48B /* LaunchScreen.storyboard in Resources */,
				E81AB9C227E75E3900C8B48B /* Assets.xcassets in Resources */,
			);
			runOnlyForDeploymentPostprocessing = 0;
		};
/* End PBXResourcesBuildPhase section */

/* Begin PBXSourcesBuildPhase section */
		E81AB9B127E75E3800C8B48B /* Sources */ = {
			isa = PBXSourcesBuildPhase;
			buildActionMask = 2147483647;
			files = (
				E8F8A5B627E9D55D00BC6E09 /* defaultHandleView.swift in Sources */,
				E81AB9BD27E75E3800C8B48B /* ViewController.swift in Sources */,
				E81AB9B927E75E3800C8B48B /* AppDelegate.swift in Sources */,
				E8F8A5BB27E9D57400BC6E09 /* anchorHandleView.swift in Sources */,
				E81AB9BB27E75E3800C8B48B /* SceneDelegate.swift in Sources */,
				E81AB9D327E7603300C8B48B /* BottomSheetViewController.swift in Sources */,
			);
			runOnlyForDeploymentPostprocessing = 0;
		};
/* End PBXSourcesBuildPhase section */

/* Begin PBXVariantGroup section */
		E81AB9C327E75E3900C8B48B /* LaunchScreen.storyboard */ = {
			isa = PBXVariantGroup;
			children = (
				E81AB9C427E75E3900C8B48B /* Base */,
			);
			name = LaunchScreen.storyboard;
			sourceTree = "<group>";
		};
/* End PBXVariantGroup section */

/* Begin XCBuildConfiguration section */
		E81AB9C727E75E3900C8B48B /* Debug */ = {
			isa = XCBuildConfiguration;
			buildSettings = {
				ALWAYS_SEARCH_USER_PATHS = NO;
				CLANG_ANALYZER_NONNULL = YES;
				CLANG_ANALYZER_NUMBER_OBJECT_CONVERSION = YES_AGGRESSIVE;
				CLANG_CXX_LANGUAGE_STANDARD = "gnu++17";
				CLANG_CXX_LIBRARY = "libc++";
				CLANG_ENABLE_MODULES = YES;
				CLANG_ENABLE_OBJC_ARC = YES;
				CLANG_ENABLE_OBJC_WEAK = YES;
				CLANG_WARN_BLOCK_CAPTURE_AUTORELEASING = YES;
				CLANG_WARN_BOOL_CONVERSION = YES;
				CLANG_WARN_COMMA = YES;
				CLANG_WARN_CONSTANT_CONVERSION = YES;
				CLANG_WARN_DEPRECATED_OBJC_IMPLEMENTATIONS = YES;
				CLANG_WARN_DIRECT_OBJC_ISA_USAGE = YES_ERROR;
				CLANG_WARN_DOCUMENTATION_COMMENTS = YES;
				CLANG_WARN_EMPTY_BODY = YES;
				CLANG_WARN_ENUM_CONVERSION = YES;
				CLANG_WARN_INFINITE_RECURSION = YES;
				CLANG_WARN_INT_CONVERSION = YES;
				CLANG_WARN_NON_LITERAL_NULL_CONVERSION = YES;
				CLANG_WARN_OBJC_IMPLICIT_RETAIN_SELF = YES;
				CLANG_WARN_OBJC_LITERAL_CONVERSION = YES;
				CLANG_WARN_OBJC_ROOT_CLASS = YES_ERROR;
				CLANG_WARN_QUOTED_INCLUDE_IN_FRAMEWORK_HEADER = YES;
				CLANG_WARN_RANGE_LOOP_ANALYSIS = YES;
				CLANG_WARN_STRICT_PROTOTYPES = YES;
				CLANG_WARN_SUSPICIOUS_MOVE = YES;
				CLANG_WARN_UNGUARDED_AVAILABILITY = YES_AGGRESSIVE;
				CLANG_WARN_UNREACHABLE_CODE = YES;
				CLANG_WARN__DUPLICATE_METHOD_MATCH = YES;
				COPY_PHASE_STRIP = NO;
				DEBUG_INFORMATION_FORMAT = dwarf;
				ENABLE_STRICT_OBJC_MSGSEND = YES;
				ENABLE_TESTABILITY = YES;
				GCC_C_LANGUAGE_STANDARD = gnu11;
				GCC_DYNAMIC_NO_PIC = NO;
				GCC_NO_COMMON_BLOCKS = YES;
				GCC_OPTIMIZATION_LEVEL = 0;
				GCC_PREPROCESSOR_DEFINITIONS = (
					"DEBUG=1",
					"$(inherited)",
				);
				GCC_WARN_64_TO_32_BIT_CONVERSION = YES;
				GCC_WARN_ABOUT_RETURN_TYPE = YES_ERROR;
				GCC_WARN_UNDECLARED_SELECTOR = YES;
				GCC_WARN_UNINITIALIZED_AUTOS = YES_AGGRESSIVE;
				GCC_WARN_UNUSED_FUNCTION = YES;
				GCC_WARN_UNUSED_VARIABLE = YES;
				IPHONEOS_DEPLOYMENT_TARGET = 15.0;
				MTL_ENABLE_DEBUG_INFO = INCLUDE_SOURCE;
				MTL_FAST_MATH = YES;
				ONLY_ACTIVE_ARCH = YES;
				SDKROOT = iphoneos;
				SWIFT_ACTIVE_COMPILATION_CONDITIONS = DEBUG;
				SWIFT_OPTIMIZATION_LEVEL = "-Onone";
			};
			name = Debug;
		};
		E81AB9C827E75E3900C8B48B /* Release */ = {
			isa = XCBuildConfiguration;
			buildSettings = {
				ALWAYS_SEARCH_USER_PATHS = NO;
				CLANG_ANALYZER_NONNULL = YES;
				CLANG_ANALYZER_NUMBER_OBJECT_CONVERSION = YES_AGGRESSIVE;
				CLANG_CXX_LANGUAGE_STANDARD = "gnu++17";
				CLANG_CXX_LIBRARY = "libc++";
				CLANG_ENABLE_MODULES = YES;
				CLANG_ENABLE_OBJC_ARC = YES;
				CLANG_ENABLE_OBJC_WEAK = YES;
				CLANG_WARN_BLOCK_CAPTURE_AUTORELEASING = YES;
				CLANG_WARN_BOOL_CONVERSION = YES;
				CLANG_WARN_COMMA = YES;
				CLANG_WARN_CONSTANT_CONVERSION = YES;
				CLANG_WARN_DEPRECATED_OBJC_IMPLEMENTATIONS = YES;
				CLANG_WARN_DIRECT_OBJC_ISA_USAGE = YES_ERROR;
				CLANG_WARN_DOCUMENTATION_COMMENTS = YES;
				CLANG_WARN_EMPTY_BODY = YES;
				CLANG_WARN_ENUM_CONVERSION = YES;
				CLANG_WARN_INFINITE_RECURSION = YES;
				CLANG_WARN_INT_CONVERSION = YES;
				CLANG_WARN_NON_LITERAL_NULL_CONVERSION = YES;
				CLANG_WARN_OBJC_IMPLICIT_RETAIN_SELF = YES;
				CLANG_WARN_OBJC_LITERAL_CONVERSION = YES;
				CLANG_WARN_OBJC_ROOT_CLASS = YES_ERROR;
				CLANG_WARN_QUOTED_INCLUDE_IN_FRAMEWORK_HEADER = YES;
				CLANG_WARN_RANGE_LOOP_ANALYSIS = YES;
				CLANG_WARN_STRICT_PROTOTYPES = YES;
				CLANG_WARN_SUSPICIOUS_MOVE = YES;
				CLANG_WARN_UNGUARDED_AVAILABILITY = YES_AGGRESSIVE;
				CLANG_WARN_UNREACHABLE_CODE = YES;
				CLANG_WARN__DUPLICATE_METHOD_MATCH = YES;
				COPY_PHASE_STRIP = NO;
				DEBUG_INFORMATION_FORMAT = "dwarf-with-dsym";
				ENABLE_NS_ASSERTIONS = NO;
				ENABLE_STRICT_OBJC_MSGSEND = YES;
				GCC_C_LANGUAGE_STANDARD = gnu11;
				GCC_NO_COMMON_BLOCKS = YES;
				GCC_WARN_64_TO_32_BIT_CONVERSION = YES;
				GCC_WARN_ABOUT_RETURN_TYPE = YES_ERROR;
				GCC_WARN_UNDECLARED_SELECTOR = YES;
				GCC_WARN_UNINITIALIZED_AUTOS = YES_AGGRESSIVE;
				GCC_WARN_UNUSED_FUNCTION = YES;
				GCC_WARN_UNUSED_VARIABLE = YES;
				IPHONEOS_DEPLOYMENT_TARGET = 15.0;
				MTL_ENABLE_DEBUG_INFO = NO;
				MTL_FAST_MATH = YES;
				SDKROOT = iphoneos;
				SWIFT_COMPILATION_MODE = wholemodule;
				SWIFT_OPTIMIZATION_LEVEL = "-O";
				VALIDATE_PRODUCT = YES;
			};
			name = Release;
		};
		E81AB9CA27E75E3900C8B48B /* Debug */ = {
			isa = XCBuildConfiguration;
			buildSettings = {
				ASSETCATALOG_COMPILER_APPICON_NAME = AppIcon;
				ASSETCATALOG_COMPILER_GLOBAL_ACCENT_COLOR_NAME = AccentColor;
				CODE_SIGN_STYLE = Automatic;
				CURRENT_PROJECT_VERSION = 1;
				DEVELOPMENT_TEAM = N8FDQCW52Q;
				GCC_PREPROCESSOR_DEFINITIONS = (
					"DEBUG=1",
					"$(inherited)",
					"FLEXLAYOUT_SWIFT_PACKAGE=1",
				);
				GENERATE_INFOPLIST_FILE = YES;
				INFOPLIST_FILE = FlexibleBottomSheet/Info.plist;
				INFOPLIST_KEY_UIApplicationSupportsIndirectInputEvents = YES;
				INFOPLIST_KEY_UILaunchStoryboardName = LaunchScreen;
				INFOPLIST_KEY_UISupportedInterfaceOrientations_iPad = "UIInterfaceOrientationPortrait UIInterfaceOrientationPortraitUpsideDown UIInterfaceOrientationLandscapeLeft UIInterfaceOrientationLandscapeRight";
				INFOPLIST_KEY_UISupportedInterfaceOrientations_iPhone = "UIInterfaceOrientationPortrait UIInterfaceOrientationLandscapeLeft UIInterfaceOrientationLandscapeRight";
				LD_RUNPATH_SEARCH_PATHS = (
					"$(inherited)",
					"@executable_path/Frameworks",
				);
				MARKETING_VERSION = 1.0;
				PRODUCT_BUNDLE_IDENTIFIER = snowedev.FlexibleBottomSheet;
				PRODUCT_NAME = "$(TARGET_NAME)";
				SWIFT_EMIT_LOC_STRINGS = YES;
				SWIFT_VERSION = 5.0;
				TARGETED_DEVICE_FAMILY = "1,2";
			};
			name = Debug;
		};
		E81AB9CB27E75E3900C8B48B /* Release */ = {
			isa = XCBuildConfiguration;
			buildSettings = {
				ASSETCATALOG_COMPILER_APPICON_NAME = AppIcon;
				ASSETCATALOG_COMPILER_GLOBAL_ACCENT_COLOR_NAME = AccentColor;
				CODE_SIGN_STYLE = Automatic;
				CURRENT_PROJECT_VERSION = 1;
				DEVELOPMENT_TEAM = N8FDQCW52Q;
				GENERATE_INFOPLIST_FILE = YES;
				INFOPLIST_FILE = FlexibleBottomSheet/Info.plist;
				INFOPLIST_KEY_UIApplicationSupportsIndirectInputEvents = YES;
				INFOPLIST_KEY_UILaunchStoryboardName = LaunchScreen;
				INFOPLIST_KEY_UISupportedInterfaceOrientations_iPad = "UIInterfaceOrientationPortrait UIInterfaceOrientationPortraitUpsideDown UIInterfaceOrientationLandscapeLeft UIInterfaceOrientationLandscapeRight";
				INFOPLIST_KEY_UISupportedInterfaceOrientations_iPhone = "UIInterfaceOrientationPortrait UIInterfaceOrientationLandscapeLeft UIInterfaceOrientationLandscapeRight";
				LD_RUNPATH_SEARCH_PATHS = (
					"$(inherited)",
					"@executable_path/Frameworks",
				);
				MARKETING_VERSION = 1.0;
				PRODUCT_BUNDLE_IDENTIFIER = snowedev.FlexibleBottomSheet;
				PRODUCT_NAME = "$(TARGET_NAME)";
				SWIFT_EMIT_LOC_STRINGS = YES;
				SWIFT_VERSION = 5.0;
				TARGETED_DEVICE_FAMILY = "1,2";
			};
			name = Release;
		};
/* End XCBuildConfiguration section */

/* Begin XCConfigurationList section */
		E81AB9B027E75E3800C8B48B /* Build configuration list for PBXProject "FlexibleBottomSheet" */ = {
			isa = XCConfigurationList;
			buildConfigurations = (
				E81AB9C727E75E3900C8B48B /* Debug */,
				E81AB9C827E75E3900C8B48B /* Release */,
			);
			defaultConfigurationIsVisible = 0;
			defaultConfigurationName = Release;
		};
		E81AB9C927E75E3900C8B48B /* Build configuration list for PBXNativeTarget "FlexibleBottomSheet" */ = {
			isa = XCConfigurationList;
			buildConfigurations = (
				E81AB9CA27E75E3900C8B48B /* Debug */,
				E81AB9CB27E75E3900C8B48B /* Release */,
			);
			defaultConfigurationIsVisible = 0;
			defaultConfigurationName = Release;
		};
/* End XCConfigurationList section */

/* Begin XCRemoteSwiftPackageReference section */
		E81AB9CC27E75F4600C8B48B /* XCRemoteSwiftPackageReference "PinLayout" */ = {
			isa = XCRemoteSwiftPackageReference;
			repositoryURL = "https://github.com/layoutBox/PinLayout";
			requirement = {
				branch = master;
				kind = branch;
			};
		};
		E81AB9CF27E75F7B00C8B48B /* XCRemoteSwiftPackageReference "FlexLayout" */ = {
			isa = XCRemoteSwiftPackageReference;
			repositoryURL = "https://github.com/layoutBox/FlexLayout.git";
			requirement = {
				branch = master;
				kind = branch;
			};
		};
		E8F8A5B727E9D56900BC6E09 /* XCRemoteSwiftPackageReference "Then" */ = {
			isa = XCRemoteSwiftPackageReference;
			repositoryURL = "https://github.com/devxoul/Then";
			requirement = {
				branch = master;
				kind = branch;
			};
		};
/* End XCRemoteSwiftPackageReference section */

/* Begin XCSwiftPackageProductDependency section */
		E81AB9CD27E75F4600C8B48B /* PinLayout */ = {
			isa = XCSwiftPackageProductDependency;
			package = E81AB9CC27E75F4600C8B48B /* XCRemoteSwiftPackageReference "PinLayout" */;
			productName = PinLayout;
		};
		E81AB9D027E75F7B00C8B48B /* FlexLayout */ = {
			isa = XCSwiftPackageProductDependency;
			package = E81AB9CF27E75F7B00C8B48B /* XCRemoteSwiftPackageReference "FlexLayout" */;
			productName = FlexLayout;
		};
		E8F8A5B827E9D56900BC6E09 /* Then */ = {
			isa = XCSwiftPackageProductDependency;
			package = E8F8A5B727E9D56900BC6E09 /* XCRemoteSwiftPackageReference "Then" */;
			productName = Then;
		};
/* End XCSwiftPackageProductDependency section */
	};
	rootObject = E81AB9AD27E75E3800C8B48B /* Project object */;
}
